
Microsoft Visual Studio Solution File, Format Version 12.00
# Visual Studio Version 17
VisualStudioVersion = 17.1.32210.238
MinimumVisualStudioVersion = 10.0.40219.1
Project("{FAE04EC0-301F-11D3-BF4B-00C04F79EFBC}") = "Bank.Service.Api", "Bank.Service.Api\Bank.Service.Api.csproj", "{135387BB-347D-4A9D-A7EC-C14465D433A8}"
EndProject
Project("{FAE04EC0-301F-11D3-BF4B-00C04F79EFBC}") = "BankLibrary", "BankLibrary\BankLibrary.csproj", "{AF64735B-9E65-4858-96CC-586A603E7AD8}"
EndProject
Global
	GlobalSection(SolutionConfigurationPlatforms) = preSolution
		Debug|Any CPU = Debug|Any CPU
		Release|Any CPU = Release|Any CPU
	EndGlobalSection
	GlobalSection(ProjectConfigurationPlatforms) = postSolution
		{135387BB-347D-4A9D-A7EC-C14465D433A8}.Debug|Any CPU.ActiveCfg = Debug|Any CPU
		{135387BB-347D-4A9D-A7EC-C14465D433A8}.Debug|Any CPU.Build.0 = Debug|Any CPU
		{135387BB-347D-4A9D-A7EC-C14465D433A8}.Release|Any CPU.ActiveCfg = Release|Any CPU
		{135387BB-347D-4A9D-A7EC-C14465D433A8}.Release|Any CPU.Build.0 = Release|Any CPU
		{AF64735B-9E65-4858-96CC-586A603E7AD8}.Debug|Any CPU.ActiveCfg = Debug|Any CPU
		{AF64735B-9E65-4858-96CC-586A603E7AD8}.Debug|Any CPU.Build.0 = Debug|Any CPU
		{AF64735B-9E65-4858-96CC-586A603E7AD8}.Release|Any CPU.ActiveCfg = Release|Any CPU
		{AF64735B-9E65-4858-96CC-586A603E7AD8}.Release|Any CPU.Build.0 = Release|Any CPU
	EndGlobalSection
	GlobalSection(SolutionProperties) = preSolution
		HideSolutionNode = FALSE
	EndGlobalSection
	GlobalSection(ExtensibilityGlobals) = postSolution
		SolutionGuid = {C3D25B3A-F65B-46EA-AAE6-0CD1B111FA59}
	EndGlobalSection
EndGlobal
